
Microsoft Visual Studio Solution File, Format Version 12.00
# Visual Studio 15
VisualStudioVersion = 15.0.28307.1145
MinimumVisualStudioVersion = 10.0.40219.1
Project("{FAE04EC0-301F-11D3-BF4B-00C04F79EFBC}") = "Ekko", "Ekko\Ekko.csproj", "{B310B08D-9E76-464D-B43A-C15217BB0356}"
EndProject
Global
	GlobalSection(SolutionConfigurationPlatforms) = preSolution
		Debug|Any CPU = Debug|Any CPU
		Debug|x64 = Debug|x64
		Release|Any CPU = Release|Any CPU
		Release|x64 = Release|x64
	EndGlobalSection
	GlobalSection(ProjectConfigurationPlatforms) = postSolution
		{B310B08D-9E76-464D-B43A-C15217BB0356}.Debug|Any CPU.ActiveCfg = Debug|Any CPU
		{B310B08D-9E76-464D-B43A-C15217BB0356}.Debug|Any CPU.Build.0 = Debug|Any CPU
		{B310B08D-9E76-464D-B43A-C15217BB0356}.Debug|x64.ActiveCfg = Debug|x64
		{B310B08D-9E76-464D-B43A-C15217BB0356}.Debug|x64.Build.0 = Debug|x64
		{B310B08D-9E76-464D-B43A-C15217BB0356}.Release|Any CPU.ActiveCfg = Release|Any CPU
		{B310B08D-9E76-464D-B43A-C15217BB0356}.Release|Any CPU.Build.0 = Release|Any CPU
		{B310B08D-9E76-464D-B43A-C15217BB0356}.Release|x64.ActiveCfg = Release|x64
		{B310B08D-9E76-464D-B43A-C15217BB0356}.Release|x64.Build.0 = Release|x64
	EndGlobalSection
	GlobalSection(SolutionProperties) = preSolution
		HideSolutionNode = FALSE
	EndGlobalSection
	GlobalSection(ExtensibilityGlobals) = postSolution
		SolutionGuid = {3E8BF3D8-9D35-4B0E-9F65-CE0C6A6FA11C}
	EndGlobalSection
EndGlobal
